<?xml version="1.0" encoding="utf-8"?>
<Project ToolsVersion="4.0" xmlns="http://schemas.microsoft.com/developer/msbuild/2003">
  <ItemGroup>
    <ClCompile Include="sources\Game.cpp" />
    <ClCompile Include="sources\WinMain.cpp" />
    <ClCompile Include="sources\GameDefines.cpp" />
    <ClCompile Include="sources\level\StressLevel.cpp">
      <Filter>level</Filter>
    </ClCompile>
    <ClCompile Include="sources\game_objects\Bird.cpp">
      <Filter>game_objects</Filter>
    </ClCompile>
    <ClCompile Include="sources\game_objects\Soldier.cpp">
      <Filter>game_objects</Filter>
    </ClCompile>
    <ClCompile Include="sources\game_objects\MovingObject.cpp">
      <Filter>game_objects</Filter>
    </ClCompile>
  </ItemGroup>
  <ItemGroup>
    <ClInclude Include="sources\Game.h" />
    <ClInclude Include="sources\GameDefines.h" />
    <ClInclude Include="sources\level\StressLevel.h">
      <Filter>level</Filter>
    </ClInclude>
    <ClInclude Include="sources\game_objects\Bird.h">
      <Filter>game_objects</Filter>
    </ClInclude>
    <ClInclude Include="sources\game_objects\Soldier.h">
      <Filter>game_objects</Filter>
    </ClInclude>
    <ClInclude Include="sources\game_objects\MovingObject.h">
      <Filter>game_objects</Filter>
    </ClInclude>
  </ItemGroup>
  <ItemGroup>
    <Filter Include="level">
      <UniqueIdentifier>{4f15f449-a835-4f95-9b51-ed690ae659dc}</UniqueIdentifier>
    </Filter>
    <Filter Include="game_objects">
      <UniqueIdentifier>{cafc40e0-c4f8-4f53-b611-0ac7fd3fc468}</UniqueIdentifier>
    </Filter>
  </ItemGroup>
</Project>