
Microsoft Visual Studio Solution File, Format Version 12.00
# Visual Studio 15
VisualStudioVersion = 15.0.28010.2048
MinimumVisualStudioVersion = 10.0.40219.1
Project("{8BC9CEB8-8B4A-11D0-8D11-00A0C91BC942}") = "SkyEngine2D", "sources\engine\Engine2D.vcxproj", "{9352371B-4244-443B-82B4-10B9D00C619C}"
EndProject
Project("{8BC9CEB8-8B4A-11D0-8D11-00A0C91BC942}") = "Game", "sources\game\Game.vcxproj", "{B88B7E1A-B1B5-4075-A0F6-71455AC2B2A7}"
	ProjectSection(ProjectDependencies) = postProject
		{9352371B-4244-443B-82B4-10B9D00C619C} = {9352371B-4244-443B-82B4-10B9D00C619C}
	EndProjectSection
EndProject
Project("{8BC9CEB8-8B4A-11D0-8D11-00A0C91BC942}") = "Sample", "sources\sample\Sample.vcxproj", "{4DADB8E8-80BE-465A-9AE7-BAD76688CFFF}"
EndProject
Project("{8BC9CEB8-8B4A-11D0-8D11-00A0C91BC942}") = "Prototyping", "sources\prototyping\Prototyping.vcxproj", "{8A1FA1E9-C5BA-4A10-B455-8F2B52629565}"
	ProjectSection(ProjectDependencies) = postProject
		{9352371B-4244-443B-82B4-10B9D00C619C} = {9352371B-4244-443B-82B4-10B9D00C619C}
	EndProjectSection
EndProject
Project("{8BC9CEB8-8B4A-11D0-8D11-00A0C91BC942}") = "Tests", "sources\tests\Tests.vcxproj", "{9F1EFDBD-2542-40E3-ACBA-F0E6044918FF}"
	ProjectSection(ProjectDependencies) = postProject
		{9352371B-4244-443B-82B4-10B9D00C619C} = {9352371B-4244-443B-82B4-10B9D00C619C}
	EndProjectSection
EndProject
Global
	GlobalSection(SolutionConfigurationPlatforms) = preSolution
		Debug Library|Win32 = Debug Library|Win32
		Debug Library|x64 = Debug Library|x64
		Debug|Win32 = Debug|Win32
		Debug|x64 = Debug|x64
		Debug-Dll|Win32 = Debug-Dll|Win32
		Debug-Dll|x64 = Debug-Dll|x64
		Debug-Lib|Win32 = Debug-Lib|Win32
		Debug-Lib|x64 = Debug-Lib|x64
		Release Library|Win32 = Release Library|Win32
		Release Library|x64 = Release Library|x64
		Release|Win32 = Release|Win32
		Release|x64 = Release|x64
		Release-Dll|Win32 = Release-Dll|Win32
		Release-Dll|x64 = Release-Dll|x64
		Release-Lib|Win32 = Release-Lib|Win32
		Release-Lib|x64 = Release-Lib|x64
	EndGlobalSection
	GlobalSection(ProjectConfigurationPlatforms) = postSolution
		{9352371B-4244-443B-82B4-10B9D00C619C}.Debug Library|Win32.ActiveCfg = Debug|Win32
		{9352371B-4244-443B-82B4-10B9D00C619C}.Debug Library|Win32.Build.0 = Debug|Win32
		{9352371B-4244-443B-82B4-10B9D00C619C}.Debug Library|x64.ActiveCfg = Release|Win32
		{9352371B-4244-443B-82B4-10B9D00C619C}.Debug Library|x64.Build.0 = Release|Win32
		{9352371B-4244-443B-82B4-10B9D00C619C}.Debug|Win32.ActiveCfg = Debug|Win32
		{9352371B-4244-443B-82B4-10B9D00C619C}.Debug|Win32.Build.0 = Debug|Win32
		{9352371B-4244-443B-82B4-10B9D00C619C}.Debug|x64.ActiveCfg = Debug|Win32
		{9352371B-4244-443B-82B4-10B9D00C619C}.Debug-Dll|Win32.ActiveCfg = Debug|Win32
		{9352371B-4244-443B-82B4-10B9D00C619C}.Debug-Dll|Win32.Build.0 = Debug|Win32
		{9352371B-4244-443B-82B4-10B9D00C619C}.Debug-Dll|x64.ActiveCfg = Debug|Win32
		{9352371B-4244-443B-82B4-10B9D00C619C}.Debug-Lib|Win32.ActiveCfg = Debug|Win32
		{9352371B-4244-443B-82B4-10B9D00C619C}.Debug-Lib|Win32.Build.0 = Debug|Win32
		{9352371B-4244-443B-82B4-10B9D00C619C}.Debug-Lib|x64.ActiveCfg = Debug|Win32
		{9352371B-4244-443B-82B4-10B9D00C619C}.Release Library|Win32.ActiveCfg = Release|Win32
		{9352371B-4244-443B-82B4-10B9D00C619C}.Release Library|Win32.Build.0 = Release|Win32
		{9352371B-4244-443B-82B4-10B9D00C619C}.Release Library|x64.ActiveCfg = Release|Win32
		{9352371B-4244-443B-82B4-10B9D00C619C}.Release Library|x64.Build.0 = Release|Win32
		{9352371B-4244-443B-82B4-10B9D00C619C}.Release|Win32.ActiveCfg = Release|Win32
		{9352371B-4244-443B-82B4-10B9D00C619C}.Release|Win32.Build.0 = Release|Win32
		{9352371B-4244-443B-82B4-10B9D00C619C}.Release|x64.ActiveCfg = Release|Win32
		{9352371B-4244-443B-82B4-10B9D00C619C}.Release-Dll|Win32.ActiveCfg = Release|Win32
		{9352371B-4244-443B-82B4-10B9D00C619C}.Release-Dll|Win32.Build.0 = Release|Win32
		{9352371B-4244-443B-82B4-10B9D00C619C}.Release-Dll|x64.ActiveCfg = Release|Win32
		{9352371B-4244-443B-82B4-10B9D00C619C}.Release-Lib|Win32.ActiveCfg = Release|Win32
		{9352371B-4244-443B-82B4-10B9D00C619C}.Release-Lib|Win32.Build.0 = Release|Win32
		{9352371B-4244-443B-82B4-10B9D00C619C}.Release-Lib|x64.ActiveCfg = Release|Win32
		{B88B7E1A-B1B5-4075-A0F6-71455AC2B2A7}.Debug Library|Win32.ActiveCfg = Debug|Win32
		{B88B7E1A-B1B5-4075-A0F6-71455AC2B2A7}.Debug Library|Win32.Build.0 = Debug|Win32
		{B88B7E1A-B1B5-4075-A0F6-71455AC2B2A7}.Debug Library|x64.ActiveCfg = Release|Win32
		{B88B7E1A-B1B5-4075-A0F6-71455AC2B2A7}.Debug Library|x64.Build.0 = Release|Win32
		{B88B7E1A-B1B5-4075-A0F6-71455AC2B2A7}.Debug|Win32.ActiveCfg = Debug|Win32
		{B88B7E1A-B1B5-4075-A0F6-71455AC2B2A7}.Debug|Win32.Build.0 = Debug|Win32
		{B88B7E1A-B1B5-4075-A0F6-71455AC2B2A7}.Debug|x64.ActiveCfg = Debug|Win32
		{B88B7E1A-B1B5-4075-A0F6-71455AC2B2A7}.Debug-Dll|Win32.ActiveCfg = Debug|Win32
		{B88B7E1A-B1B5-4075-A0F6-71455AC2B2A7}.Debug-Dll|Win32.Build.0 = Debug|Win32
		{B88B7E1A-B1B5-4075-A0F6-71455AC2B2A7}.Debug-Dll|x64.ActiveCfg = Debug|Win32
		{B88B7E1A-B1B5-4075-A0F6-71455AC2B2A7}.Debug-Lib|Win32.ActiveCfg = Debug|Win32
		{B88B7E1A-B1B5-4075-A0F6-71455AC2B2A7}.Debug-Lib|Win32.Build.0 = Debug|Win32
		{B88B7E1A-B1B5-4075-A0F6-71455AC2B2A7}.Debug-Lib|x64.ActiveCfg = Debug|Win32
		{B88B7E1A-B1B5-4075-A0F6-71455AC2B2A7}.Release Library|Win32.ActiveCfg = Release|Win32
		{B88B7E1A-B1B5-4075-A0F6-71455AC2B2A7}.Release Library|Win32.Build.0 = Release|Win32
		{B88B7E1A-B1B5-4075-A0F6-71455AC2B2A7}.Release Library|x64.ActiveCfg = Release|Win32
		{B88B7E1A-B1B5-4075-A0F6-71455AC2B2A7}.Release Library|x64.Build.0 = Release|Win32
		{B88B7E1A-B1B5-4075-A0F6-71455AC2B2A7}.Release|Win32.ActiveCfg = Release|Win32
		{B88B7E1A-B1B5-4075-A0F6-71455AC2B2A7}.Release|Win32.Build.0 = Release|Win32
		{B88B7E1A-B1B5-4075-A0F6-71455AC2B2A7}.Release|x64.ActiveCfg = Release|Win32
		{B88B7E1A-B1B5-4075-A0F6-71455AC2B2A7}.Release-Dll|Win32.ActiveCfg = Release|Win32
		{B88B7E1A-B1B5-4075-A0F6-71455AC2B2A7}.Release-Dll|Win32.Build.0 = Release|Win32
		{B88B7E1A-B1B5-4075-A0F6-71455AC2B2A7}.Release-Dll|x64.ActiveCfg = Release|Win32
		{B88B7E1A-B1B5-4075-A0F6-71455AC2B2A7}.Release-Lib|Win32.ActiveCfg = Release|Win32
		{B88B7E1A-B1B5-4075-A0F6-71455AC2B2A7}.Release-Lib|Win32.Build.0 = Release|Win32
		{B88B7E1A-B1B5-4075-A0F6-71455AC2B2A7}.Release-Lib|x64.ActiveCfg = Release|Win32
		{4DADB8E8-80BE-465A-9AE7-BAD76688CFFF}.Debug Library|Win32.ActiveCfg = Debug|Win32
		{4DADB8E8-80BE-465A-9AE7-BAD76688CFFF}.Debug Library|Win32.Build.0 = Debug|Win32
		{4DADB8E8-80BE-465A-9AE7-BAD76688CFFF}.Debug Library|x64.ActiveCfg = Debug|x64
		{4DADB8E8-80BE-465A-9AE7-BAD76688CFFF}.Debug Library|x64.Build.0 = Debug|x64
		{4DADB8E8-80BE-465A-9AE7-BAD76688CFFF}.Debug|Win32.ActiveCfg = Debug|Win32
		{4DADB8E8-80BE-465A-9AE7-BAD76688CFFF}.Debug|Win32.Build.0 = Debug|Win32
		{4DADB8E8-80BE-465A-9AE7-BAD76688CFFF}.Debug|x64.ActiveCfg = Debug|x64
		{4DADB8E8-80BE-465A-9AE7-BAD76688CFFF}.Debug|x64.Build.0 = Debug|x64
		{4DADB8E8-80BE-465A-9AE7-BAD76688CFFF}.Debug-Dll|Win32.ActiveCfg = Debug|Win32
		{4DADB8E8-80BE-465A-9AE7-BAD76688CFFF}.Debug-Dll|Win32.Build.0 = Debug|Win32
		{4DADB8E8-80BE-465A-9AE7-BAD76688CFFF}.Debug-Dll|x64.ActiveCfg = Debug|x64
		{4DADB8E8-80BE-465A-9AE7-BAD76688CFFF}.Debug-Dll|x64.Build.0 = Debug|x64
		{4DADB8E8-80BE-465A-9AE7-BAD76688CFFF}.Debug-Lib|Win32.ActiveCfg = Debug|Win32
		{4DADB8E8-80BE-465A-9AE7-BAD76688CFFF}.Debug-Lib|Win32.Build.0 = Debug|Win32
		{4DADB8E8-80BE-465A-9AE7-BAD76688CFFF}.Debug-Lib|x64.ActiveCfg = Debug|x64
		{4DADB8E8-80BE-465A-9AE7-BAD76688CFFF}.Debug-Lib|x64.Build.0 = Debug|x64
		{4DADB8E8-80BE-465A-9AE7-BAD76688CFFF}.Release Library|Win32.ActiveCfg = Release|Win32
		{4DADB8E8-80BE-465A-9AE7-BAD76688CFFF}.Release Library|Win32.Build.0 = Release|Win32
		{4DADB8E8-80BE-465A-9AE7-BAD76688CFFF}.Release Library|x64.ActiveCfg = Release|x64
		{4DADB8E8-80BE-465A-9AE7-BAD76688CFFF}.Release Library|x64.Build.0 = Release|x64
		{4DADB8E8-80BE-465A-9AE7-BAD76688CFFF}.Release|Win32.ActiveCfg = Release|Win32
		{4DADB8E8-80BE-465A-9AE7-BAD76688CFFF}.Release|Win32.Build.0 = Release|Win32
		{4DADB8E8-80BE-465A-9AE7-BAD76688CFFF}.Release|x64.ActiveCfg = Release|x64
		{4DADB8E8-80BE-465A-9AE7-BAD76688CFFF}.Release|x64.Build.0 = Release|x64
		{4DADB8E8-80BE-465A-9AE7-BAD76688CFFF}.Release-Dll|Win32.ActiveCfg = Release|Win32
		{4DADB8E8-80BE-465A-9AE7-BAD76688CFFF}.Release-Dll|Win32.Build.0 = Release|Win32
		{4DADB8E8-80BE-465A-9AE7-BAD76688CFFF}.Release-Dll|x64.ActiveCfg = Release|x64
		{4DADB8E8-80BE-465A-9AE7-BAD76688CFFF}.Release-Dll|x64.Build.0 = Release|x64
		{4DADB8E8-80BE-465A-9AE7-BAD76688CFFF}.Release-Lib|Win32.ActiveCfg = Release|Win32
		{4DADB8E8-80BE-465A-9AE7-BAD76688CFFF}.Release-Lib|Win32.Build.0 = Release|Win32
		{4DADB8E8-80BE-465A-9AE7-BAD76688CFFF}.Release-Lib|x64.ActiveCfg = Release|x64
		{4DADB8E8-80BE-465A-9AE7-BAD76688CFFF}.Release-Lib|x64.Build.0 = Release|x64
		{8A1FA1E9-C5BA-4A10-B455-8F2B52629565}.Debug Library|Win32.ActiveCfg = Debug|Win32
		{8A1FA1E9-C5BA-4A10-B455-8F2B52629565}.Debug Library|Win32.Build.0 = Debug|Win32
		{8A1FA1E9-C5BA-4A10-B455-8F2B52629565}.Debug Library|x64.ActiveCfg = Debug|x64
		{8A1FA1E9-C5BA-4A10-B455-8F2B52629565}.Debug Library|x64.Build.0 = Debug|x64
		{8A1FA1E9-C5BA-4A10-B455-8F2B52629565}.Debug|Win32.ActiveCfg = Debug|Win32
		{8A1FA1E9-C5BA-4A10-B455-8F2B52629565}.Debug|Win32.Build.0 = Debug|Win32
		{8A1FA1E9-C5BA-4A10-B455-8F2B52629565}.Debug|x64.ActiveCfg = Debug|x64
		{8A1FA1E9-C5BA-4A10-B455-8F2B52629565}.Debug|x64.Build.0 = Debug|x64
		{8A1FA1E9-C5BA-4A10-B455-8F2B52629565}.Debug-Dll|Win32.ActiveCfg = Debug|Win32
		{8A1FA1E9-C5BA-4A10-B455-8F2B52629565}.Debug-Dll|Win32.Build.0 = Debug|Win32
		{8A1FA1E9-C5BA-4A10-B455-8F2B52629565}.Debug-Dll|x64.ActiveCfg = Debug|x64
		{8A1FA1E9-C5BA-4A10-B455-8F2B52629565}.Debug-Dll|x64.Build.0 = Debug|x64
		{8A1FA1E9-C5BA-4A10-B455-8F2B52629565}.Debug-Lib|Win32.ActiveCfg = Debug|Win32
		{8A1FA1E9-C5BA-4A10-B455-8F2B52629565}.Debug-Lib|Win32.Build.0 = Debug|Win32
		{8A1FA1E9-C5BA-4A10-B455-8F2B52629565}.Debug-Lib|x64.ActiveCfg = Debug|x64
		{8A1FA1E9-C5BA-4A10-B455-8F2B52629565}.Debug-Lib|x64.Build.0 = Debug|x64
		{8A1FA1E9-C5BA-4A10-B455-8F2B52629565}.Release Library|Win32.ActiveCfg = Release|Win32
		{8A1FA1E9-C5BA-4A10-B455-8F2B52629565}.Release Library|Win32.Build.0 = Release|Win32
		{8A1FA1E9-C5BA-4A10-B455-8F2B52629565}.Release Library|x64.ActiveCfg = Release|x64
		{8A1FA1E9-C5BA-4A10-B455-8F2B52629565}.Release Library|x64.Build.0 = Release|x64
		{8A1FA1E9-C5BA-4A10-B455-8F2B52629565}.Release|Win32.ActiveCfg = Release|Win32
		{8A1FA1E9-C5BA-4A10-B455-8F2B52629565}.Release|Win32.Build.0 = Release|Win32
		{8A1FA1E9-C5BA-4A10-B455-8F2B52629565}.Release|x64.ActiveCfg = Release|x64
		{8A1FA1E9-C5BA-4A10-B455-8F2B52629565}.Release|x64.Build.0 = Release|x64
		{8A1FA1E9-C5BA-4A10-B455-8F2B52629565}.Release-Dll|Win32.ActiveCfg = Release|Win32
		{8A1FA1E9-C5BA-4A10-B455-8F2B52629565}.Release-Dll|Win32.Build.0 = Release|Win32
		{8A1FA1E9-C5BA-4A10-B455-8F2B52629565}.Release-Dll|x64.ActiveCfg = Release|x64
		{8A1FA1E9-C5BA-4A10-B455-8F2B52629565}.Release-Dll|x64.Build.0 = Release|x64
		{8A1FA1E9-C5BA-4A10-B455-8F2B52629565}.Release-Lib|Win32.ActiveCfg = Release|Win32
		{8A1FA1E9-C5BA-4A10-B455-8F2B52629565}.Release-Lib|Win32.Build.0 = Release|Win32
		{8A1FA1E9-C5BA-4A10-B455-8F2B52629565}.Release-Lib|x64.ActiveCfg = Release|x64
		{8A1FA1E9-C5BA-4A10-B455-8F2B52629565}.Release-Lib|x64.Build.0 = Release|x64
		{9F1EFDBD-2542-40E3-ACBA-F0E6044918FF}.Debug Library|Win32.ActiveCfg = Debug|Win32
		{9F1EFDBD-2542-40E3-ACBA-F0E6044918FF}.Debug Library|Win32.Build.0 = Debug|Win32
		{9F1EFDBD-2542-40E3-ACBA-F0E6044918FF}.Debug Library|x64.ActiveCfg = Debug|x64
		{9F1EFDBD-2542-40E3-ACBA-F0E6044918FF}.Debug Library|x64.Build.0 = Debug|x64
		{9F1EFDBD-2542-40E3-ACBA-F0E6044918FF}.Debug|Win32.ActiveCfg = Debug|Win32
		{9F1EFDBD-2542-40E3-ACBA-F0E6044918FF}.Debug|Win32.Build.0 = Debug|Win32
		{9F1EFDBD-2542-40E3-ACBA-F0E6044918FF}.Debug|x64.ActiveCfg = Debug|x64
		{9F1EFDBD-2542-40E3-ACBA-F0E6044918FF}.Debug|x64.Build.0 = Debug|x64
		{9F1EFDBD-2542-40E3-ACBA-F0E6044918FF}.Debug-Dll|Win32.ActiveCfg = Debug|Win32
		{9F1EFDBD-2542-40E3-ACBA-F0E6044918FF}.Debug-Dll|Win32.Build.0 = Debug|Win32
		{9F1EFDBD-2542-40E3-ACBA-F0E6044918FF}.Debug-Dll|x64.ActiveCfg = Debug|x64
		{9F1EFDBD-2542-40E3-ACBA-F0E6044918FF}.Debug-Dll|x64.Build.0 = Debug|x64
		{9F1EFDBD-2542-40E3-ACBA-F0E6044918FF}.Debug-Lib|Win32.ActiveCfg = Debug|Win32
		{9F1EFDBD-2542-40E3-ACBA-F0E6044918FF}.Debug-Lib|Win32.Build.0 = Debug|Win32
		{9F1EFDBD-2542-40E3-ACBA-F0E6044918FF}.Debug-Lib|x64.ActiveCfg = Debug|x64
		{9F1EFDBD-2542-40E3-ACBA-F0E6044918FF}.Debug-Lib|x64.Build.0 = Debug|x64
		{9F1EFDBD-2542-40E3-ACBA-F0E6044918FF}.Release Library|Win32.ActiveCfg = Release|Win32
		{9F1EFDBD-2542-40E3-ACBA-F0E6044918FF}.Release Library|Win32.Build.0 = Release|Win32
		{9F1EFDBD-2542-40E3-ACBA-F0E6044918FF}.Release Library|x64.ActiveCfg = Release|x64
		{9F1EFDBD-2542-40E3-ACBA-F0E6044918FF}.Release Library|x64.Build.0 = Release|x64
		{9F1EFDBD-2542-40E3-ACBA-F0E6044918FF}.Release|Win32.ActiveCfg = Release|Win32
		{9F1EFDBD-2542-40E3-ACBA-F0E6044918FF}.Release|Win32.Build.0 = Release|Win32
		{9F1EFDBD-2542-40E3-ACBA-F0E6044918FF}.Release|x64.ActiveCfg = Release|x64
		{9F1EFDBD-2542-40E3-ACBA-F0E6044918FF}.Release|x64.Build.0 = Release|x64
		{9F1EFDBD-2542-40E3-ACBA-F0E6044918FF}.Release-Dll|Win32.ActiveCfg = Release|Win32
		{9F1EFDBD-2542-40E3-ACBA-F0E6044918FF}.Release-Dll|Win32.Build.0 = Release|Win32
		{9F1EFDBD-2542-40E3-ACBA-F0E6044918FF}.Release-Dll|x64.ActiveCfg = Release|x64
		{9F1EFDBD-2542-40E3-ACBA-F0E6044918FF}.Release-Dll|x64.Build.0 = Release|x64
		{9F1EFDBD-2542-40E3-ACBA-F0E6044918FF}.Release-Lib|Win32.ActiveCfg = Release|Win32
		{9F1EFDBD-2542-40E3-ACBA-F0E6044918FF}.Release-Lib|Win32.Build.0 = Release|Win32
		{9F1EFDBD-2542-40E3-ACBA-F0E6044918FF}.Release-Lib|x64.ActiveCfg = Release|x64
		{9F1EFDBD-2542-40E3-ACBA-F0E6044918FF}.Release-Lib|x64.Build.0 = Release|x64
	EndGlobalSection
	GlobalSection(SolutionProperties) = preSolution
		HideSolutionNode = FALSE
	EndGlobalSection
	GlobalSection(ExtensibilityGlobals) = postSolution
		SolutionGuid = {BDEB0C34-9351-4A46-AAB1-471E59EFC815}
	EndGlobalSection
EndGlobal
