<?xml version="1.0" encoding="utf-8"?>
<Project ToolsVersion="4.0" xmlns="http://schemas.microsoft.com/developer/msbuild/2003">
  <ItemGroup>
    <Filter Include="utils">
      <UniqueIdentifier>{1eaa94d9-a053-4f64-8372-84f4760fd40e}</UniqueIdentifier>
    </Filter>
  </ItemGroup>
  <ItemGroup>
    <ClCompile Include="src\utils\TestPhysics2D.cpp">
      <Filter>utils</Filter>
    </ClCompile>
    <ClCompile Include="src\Run.cpp" />
  </ItemGroup>
  <ItemGroup>
    <ClInclude Include="src\utils\TestPhysics2D.h">
      <Filter>utils</Filter>
    </ClInclude>
  </ItemGroup>
</Project>